
Microsoft Visual Studio Solution File, Format Version 12.00
# Visual Studio 2013
VisualStudioVersion = 12.0.21005.1
MinimumVisualStudioVersion = 10.0.40219.1
Project("{FAE04EC0-301F-11D3-BF4B-00C04F79EFBC}") = "Circle Area", "Circle Area\Circle Area.csproj", "{45699F9B-6BEF-41C1-B95E-344357C284CE}"
EndProject
Project("{FAE04EC0-301F-11D3-BF4B-00C04F79EFBC}") = "Average numbers", "Average numbers\Average numbers.csproj", "{B7565E28-BA52-46D7-84DF-16131E58FABF}"
EndProject
Project("{FAE04EC0-301F-11D3-BF4B-00C04F79EFBC}") = "Calculator", "Calculator\Calculator.csproj", "{6A716E38-3A5E-4ADA-BFD4-DB76015993C4}"
EndProject
Global
	GlobalSection(SolutionConfigurationPlatforms) = preSolution
		Debug|Any CPU = Debug|Any CPU
		Release|Any CPU = Release|Any CPU
	EndGlobalSection
	GlobalSection(ProjectConfigurationPlatforms) = postSolution
		{45699F9B-6BEF-41C1-B95E-344357C284CE}.Debug|Any CPU.ActiveCfg = Debug|Any CPU
		{45699F9B-6BEF-41C1-B95E-344357C284CE}.Debug|Any CPU.Build.0 = Debug|Any CPU
		{45699F9B-6BEF-41C1-B95E-344357C284CE}.Release|Any CPU.ActiveCfg = Release|Any CPU
		{45699F9B-6BEF-41C1-B95E-344357C284CE}.Release|Any CPU.Build.0 = Release|Any CPU
		{B7565E28-BA52-46D7-84DF-16131E58FABF}.Debug|Any CPU.ActiveCfg = Debug|Any CPU
		{B7565E28-BA52-46D7-84DF-16131E58FABF}.Debug|Any CPU.Build.0 = Debug|Any CPU
		{B7565E28-BA52-46D7-84DF-16131E58FABF}.Release|Any CPU.ActiveCfg = Release|Any CPU
		{B7565E28-BA52-46D7-84DF-16131E58FABF}.Release|Any CPU.Build.0 = Release|Any CPU
		{6A716E38-3A5E-4ADA-BFD4-DB76015993C4}.Debug|Any CPU.ActiveCfg = Debug|Any CPU
		{6A716E38-3A5E-4ADA-BFD4-DB76015993C4}.Debug|Any CPU.Build.0 = Debug|Any CPU
		{6A716E38-3A5E-4ADA-BFD4-DB76015993C4}.Release|Any CPU.ActiveCfg = Release|Any CPU
		{6A716E38-3A5E-4ADA-BFD4-DB76015993C4}.Release|Any CPU.Build.0 = Release|Any CPU
	EndGlobalSection
	GlobalSection(SolutionProperties) = preSolution
		HideSolutionNode = FALSE
	EndGlobalSection
EndGlobal
